
Microsoft Visual Studio Solution File, Format Version 12.00
# Visual Studio Version 16
VisualStudioVersion = 16.0.29709.97
MinimumVisualStudioVersion = 10.0.40219.1
Project("{FAE04EC0-301F-11D3-BF4B-00C04F79EFBC}") = "Consumer", "Consumer.csproj", "{E2609C23-A896-4014-99C4-D9BCC991FFB7}"
EndProject
Global
	GlobalSection(SolutionConfigurationPlatforms) = preSolution
		Debug|Any CPU = Debug|Any CPU
		Release|Any CPU = Release|Any CPU
	EndGlobalSection
	GlobalSection(ProjectConfigurationPlatforms) = postSolution
		{E2609C23-A896-4014-99C4-D9BCC991FFB7}.Debug|Any CPU.ActiveCfg = Debug|Any CPU
		{E2609C23-A896-4014-99C4-D9BCC991FFB7}.Debug|Any CPU.Build.0 = Debug|Any CPU
		{E2609C23-A896-4014-99C4-D9BCC991FFB7}.Release|Any CPU.ActiveCfg = Release|Any CPU
		{E2609C23-A896-4014-99C4-D9BCC991FFB7}.Release|Any CPU.Build.0 = Release|Any CPU
	EndGlobalSection
	GlobalSection(SolutionProperties) = preSolution
		HideSolutionNode = FALSE
	EndGlobalSection
	GlobalSection(ExtensibilityGlobals) = postSolution
		SolutionGuid = {DD1AC6C5-CAB4-495A-99DC-6F693187FF99}
	EndGlobalSection
EndGlobal
